
Microsoft Visual Studio Solution File, Format Version 12.00
# Visual Studio Version 17
VisualStudioVersion = 17.5.33530.505
MinimumVisualStudioVersion = 10.0.40219.1
Project("{FAE04EC0-301F-11D3-BF4B-00C04F79EFBC}") = "Tarea-3", "Tarea-3\Tarea-3.csproj", "{B25BA26A-67E8-44C1-AE2D-9644E9F39942}"
EndProject
Global
	GlobalSection(SolutionConfigurationPlatforms) = preSolution
		Debug|Any CPU = Debug|Any CPU
		Release|Any CPU = Release|Any CPU
	EndGlobalSection
	GlobalSection(ProjectConfigurationPlatforms) = postSolution
		{B25BA26A-67E8-44C1-AE2D-9644E9F39942}.Debug|Any CPU.ActiveCfg = Debug|Any CPU
		{B25BA26A-67E8-44C1-AE2D-9644E9F39942}.Debug|Any CPU.Build.0 = Debug|Any CPU
		{B25BA26A-67E8-44C1-AE2D-9644E9F39942}.Release|Any CPU.ActiveCfg = Release|Any CPU
		{B25BA26A-67E8-44C1-AE2D-9644E9F39942}.Release|Any CPU.Build.0 = Release|Any CPU
	EndGlobalSection
	GlobalSection(SolutionProperties) = preSolution
		HideSolutionNode = FALSE
	EndGlobalSection
	GlobalSection(ExtensibilityGlobals) = postSolution
		SolutionGuid = {EFFFB137-B84B-432C-98C1-5593A2C19970}
	EndGlobalSection
EndGlobal
